
Microsoft Visual Studio Solution File, Format Version 12.00
# Visual Studio 14
VisualStudioVersion = 14.0.24720.0
MinimumVisualStudioVersion = 10.0.40219.1
Project("{F184B08F-C81C-45F6-A57F-5ABD9991F28F}") = "EveHQ", "EveHQ\EveHQ.vbproj", "{366925AB-54F3-4D36-B05C-E98DBE8DA595}"
	ProjectSection(ProjectDependencies) = postProject
		{A936DB0B-2C9B-406C-85E4-D7AC13E605EC} = {A936DB0B-2C9B-406C-85E4-D7AC13E605EC}
		{5998302B-2FD7-492E-87EB-0EC0618B2A6E} = {5998302B-2FD7-492E-87EB-0EC0618B2A6E}
		{8B03AD2B-8399-4702-8915-335E5AD5D667} = {8B03AD2B-8399-4702-8915-335E5AD5D667}
		{0BB966AE-268C-4C9B-AB50-C3F2D8201FDA} = {0BB966AE-268C-4C9B-AB50-C3F2D8201FDA}
		{59CBD1C7-EB1B-4DC9-B063-A9889F6FAE41} = {59CBD1C7-EB1B-4DC9-B063-A9889F6FAE41}
		{CE6D55FD-2F07-4153-8C4A-D03C29B252F3} = {CE6D55FD-2F07-4153-8C4A-D03C29B252F3}
	EndProjectSection
EndProject
Project("{F184B08F-C81C-45F6-A57F-5ABD9991F28F}") = "EveHQ.Core", "EveHQ.Core\EveHQ.Core.vbproj", "{AD4AA9C0-F258-44D8-9D71-07493198B580}"
EndProject
Project("{F184B08F-C81C-45F6-A57F-5ABD9991F28F}") = "EveHQ.HQF", "EveHQ.HQF\EveHQ.HQF.vbproj", "{59CBD1C7-EB1B-4DC9-B063-A9889F6FAE41}"
EndProject
Project("{F184B08F-C81C-45F6-A57F-5ABD9991F28F}") = "EveHQ.Prism", "EveHQ.Prism\EveHQ.Prism.vbproj", "{0BB966AE-268C-4C9B-AB50-C3F2D8201FDA}"
	ProjectSection(ProjectDependencies) = postProject
		{3F84FC66-8EC7-4A56-9AA2-ED30F5565E24} = {3F84FC66-8EC7-4A56-9AA2-ED30F5565E24}
	EndProjectSection
EndProject
Project("{F184B08F-C81C-45F6-A57F-5ABD9991F28F}") = "EveHQ.KillMailViewer", "EveHQ.KillMailViewer\EveHQ.KillMailViewer.vbproj", "{8B03AD2B-8399-4702-8915-335E5AD5D667}"
EndProject
Project("{F184B08F-C81C-45F6-A57F-5ABD9991F28F}") = "EveHQ.Void", "EveHQ.Void\EveHQ.Void.vbproj", "{CE6D55FD-2F07-4153-8C4A-D03C29B252F3}"
EndProject
Project("{F184B08F-C81C-45F6-A57F-5ABD9991F28F}") = "EveHQ.EveAPI", "EveHQ.EveAPI\EveHQ.EveAPI.vbproj", "{A936DB0B-2C9B-406C-85E4-D7AC13E605EC}"
EndProject
Project("{2150E333-8FDC-42A3-9474-1A3956D46DE8}") = "Plugins", "Plugins", "{4542534A-44CB-42CA-803E-716936314F21}"
EndProject
Project("{FAE04EC0-301F-11D3-BF4B-00C04F79EFBC}") = "EveHQ.Market", "EveHQ.Market\EveHQ.Market.csproj", "{99C775D1-F465-40C6-AF18-D1803B976E3D}"
EndProject
Project("{FAE04EC0-301F-11D3-BF4B-00C04F79EFBC}") = "EveHQ.Caching", "EveHQ.Caching\EveHQ.Caching.csproj", "{530AFD36-A0F1-4C7F-81AF-ADA01F69E123}"
EndProject
Project("{FAE04EC0-301F-11D3-BF4B-00C04F79EFBC}") = "EveHQ.Common", "EveHQ.Common\EveHQ.Common.csproj", "{7CD9A34B-9635-4D69-B451-1CE93B8280D8}"
EndProject
Project("{2150E333-8FDC-42A3-9474-1A3956D46DE8}") = "LegacyLibs", "LegacyLibs", "{3DEE9EE8-C786-45E3-A4E2-10709F5137F7}"
EndProject
Project("{FAE04EC0-301F-11D3-BF4B-00C04F79EFBC}") = "EveHQ.EveData", "EveHQ.EveData\EveHQ.EveData.csproj", "{C3FEE7B0-5E02-4910-BBB9-A03425294B7A}"
EndProject
Project("{FAE04EC0-301F-11D3-BF4B-00C04F79EFBC}") = "EveHQ.NewEveAPI", "EveHQ.NewEveAPI\EveHQ.NewEveAPI.csproj", "{7CAAEB13-6EB8-482C-B63C-F78CB30B2289}"
EndProject
Project("{F184B08F-C81C-45F6-A57F-5ABD9991F28F}") = "EveHQ.CacheCreator", "EveHQ.CacheCreator\EveHQ.CacheCreator.vbproj", "{789CDD4C-6D0C-42EA-95CE-FB224130406D}"
EndProject
Project("{FAE04EC0-301F-11D3-BF4B-00C04F79EFBC}") = "EveHQ.Tests", "EveHQ.Tests\EveHQ.Tests.csproj", "{8A49ED2D-451B-4D60-BDB0-4B6605D035FA}"
EndProject
Project("{F184B08F-C81C-45F6-A57F-5ABD9991F28F}") = "EveHQ.SettingsConverter", "EveHQ.SettingsConverter\EveHQ.SettingsConverter.vbproj", "{5998302B-2FD7-492E-87EB-0EC0618B2A6E}"
EndProject
Project("{2150E333-8FDC-42A3-9474-1A3956D46DE8}") = ".nuget", ".nuget", "{D3726724-8621-4DA9-95B3-D0BF77ABA6A0}"
	ProjectSection(SolutionItems) = preProject
		.nuget\NuGet.Config = .nuget\NuGet.Config
	EndProjectSection
EndProject
Project("{FAE04EC0-301F-11D3-BF4B-00C04F79EFBC}") = "EveHQ.EveCrest", "EveHQ.EveCrest\EveHQ.EveCrest.csproj", "{3F84FC66-8EC7-4A56-9AA2-ED30F5565E24}"
EndProject
Global
	GlobalSection(SolutionConfigurationPlatforms) = preSolution
		Debug|.NET = Debug|.NET
		Debug|Any CPU = Debug|Any CPU
		Debug|Mixed Platforms = Debug|Mixed Platforms
		Debug|Win32 = Debug|Win32
		Debug|x86 = Debug|x86
		Release|.NET = Release|.NET
		Release|Any CPU = Release|Any CPU
		Release|Mixed Platforms = Release|Mixed Platforms
		Release|Win32 = Release|Win32
		Release|x86 = Release|x86
	EndGlobalSection
	GlobalSection(ProjectConfigurationPlatforms) = postSolution
		{366925AB-54F3-4D36-B05C-E98DBE8DA595}.Debug|.NET.ActiveCfg = Debug|Any CPU
		{366925AB-54F3-4D36-B05C-E98DBE8DA595}.Debug|Any CPU.ActiveCfg = Debug|Any CPU
		{366925AB-54F3-4D36-B05C-E98DBE8DA595}.Debug|Any CPU.Build.0 = Debug|Any CPU
		{366925AB-54F3-4D36-B05C-E98DBE8DA595}.Debug|Mixed Platforms.ActiveCfg = Debug|Any CPU
		{366925AB-54F3-4D36-B05C-E98DBE8DA595}.Debug|Mixed Platforms.Build.0 = Debug|Any CPU
		{366925AB-54F3-4D36-B05C-E98DBE8DA595}.Debug|Win32.ActiveCfg = Debug|Any CPU
		{366925AB-54F3-4D36-B05C-E98DBE8DA595}.Debug|x86.ActiveCfg = Debug|Any CPU
		{366925AB-54F3-4D36-B05C-E98DBE8DA595}.Release|.NET.ActiveCfg = Release|Any CPU
		{366925AB-54F3-4D36-B05C-E98DBE8DA595}.Release|Any CPU.ActiveCfg = Release|Any CPU
		{366925AB-54F3-4D36-B05C-E98DBE8DA595}.Release|Any CPU.Build.0 = Release|Any CPU
		{366925AB-54F3-4D36-B05C-E98DBE8DA595}.Release|Mixed Platforms.ActiveCfg = Release|Any CPU
		{366925AB-54F3-4D36-B05C-E98DBE8DA595}.Release|Mixed Platforms.Build.0 = Release|Any CPU
		{366925AB-54F3-4D36-B05C-E98DBE8DA595}.Release|Win32.ActiveCfg = Release|Any CPU
		{366925AB-54F3-4D36-B05C-E98DBE8DA595}.Release|x86.ActiveCfg = Release|Any CPU
		{AD4AA9C0-F258-44D8-9D71-07493198B580}.Debug|.NET.ActiveCfg = Debug|Any CPU
		{AD4AA9C0-F258-44D8-9D71-07493198B580}.Debug|Any CPU.ActiveCfg = Debug|Any CPU
		{AD4AA9C0-F258-44D8-9D71-07493198B580}.Debug|Any CPU.Build.0 = Debug|Any CPU
		{AD4AA9C0-F258-44D8-9D71-07493198B580}.Debug|Mixed Platforms.ActiveCfg = Debug|Any CPU
		{AD4AA9C0-F258-44D8-9D71-07493198B580}.Debug|Mixed Platforms.Build.0 = Debug|Any CPU
		{AD4AA9C0-F258-44D8-9D71-07493198B580}.Debug|Win32.ActiveCfg = Debug|Any CPU
		{AD4AA9C0-F258-44D8-9D71-07493198B580}.Debug|x86.ActiveCfg = Debug|Any CPU
		{AD4AA9C0-F258-44D8-9D71-07493198B580}.Release|.NET.ActiveCfg = Release|Any CPU
		{AD4AA9C0-F258-44D8-9D71-07493198B580}.Release|Any CPU.ActiveCfg = Release|Any CPU
		{AD4AA9C0-F258-44D8-9D71-07493198B580}.Release|Any CPU.Build.0 = Release|Any CPU
		{AD4AA9C0-F258-44D8-9D71-07493198B580}.Release|Mixed Platforms.ActiveCfg = Release|Any CPU
		{AD4AA9C0-F258-44D8-9D71-07493198B580}.Release|Mixed Platforms.Build.0 = Release|Any CPU
		{AD4AA9C0-F258-44D8-9D71-07493198B580}.Release|Win32.ActiveCfg = Release|Any CPU
		{AD4AA9C0-F258-44D8-9D71-07493198B580}.Release|x86.ActiveCfg = Release|Any CPU
		{59CBD1C7-EB1B-4DC9-B063-A9889F6FAE41}.Debug|.NET.ActiveCfg = Debug|Any CPU
		{59CBD1C7-EB1B-4DC9-B063-A9889F6FAE41}.Debug|Any CPU.ActiveCfg = Debug|Any CPU
		{59CBD1C7-EB1B-4DC9-B063-A9889F6FAE41}.Debug|Any CPU.Build.0 = Debug|Any CPU
		{59CBD1C7-EB1B-4DC9-B063-A9889F6FAE41}.Debug|Mixed Platforms.ActiveCfg = Debug|Any CPU
		{59CBD1C7-EB1B-4DC9-B063-A9889F6FAE41}.Debug|Mixed Platforms.Build.0 = Debug|Any CPU
		{59CBD1C7-EB1B-4DC9-B063-A9889F6FAE41}.Debug|Win32.ActiveCfg = Debug|Any CPU
		{59CBD1C7-EB1B-4DC9-B063-A9889F6FAE41}.Debug|x86.ActiveCfg = Debug|Any CPU
		{59CBD1C7-EB1B-4DC9-B063-A9889F6FAE41}.Release|.NET.ActiveCfg = Release|Any CPU
		{59CBD1C7-EB1B-4DC9-B063-A9889F6FAE41}.Release|Any CPU.ActiveCfg = Release|Any CPU
		{59CBD1C7-EB1B-4DC9-B063-A9889F6FAE41}.Release|Any CPU.Build.0 = Release|Any CPU
		{59CBD1C7-EB1B-4DC9-B063-A9889F6FAE41}.Release|Mixed Platforms.ActiveCfg = Release|Any CPU
		{59CBD1C7-EB1B-4DC9-B063-A9889F6FAE41}.Release|Mixed Platforms.Build.0 = Release|Any CPU
		{59CBD1C7-EB1B-4DC9-B063-A9889F6FAE41}.Release|Win32.ActiveCfg = Release|Any CPU
		{59CBD1C7-EB1B-4DC9-B063-A9889F6FAE41}.Release|x86.ActiveCfg = Release|Any CPU
		{0BB966AE-268C-4C9B-AB50-C3F2D8201FDA}.Debug|.NET.ActiveCfg = Debug|Any CPU
		{0BB966AE-268C-4C9B-AB50-C3F2D8201FDA}.Debug|Any CPU.ActiveCfg = Debug|Any CPU
		{0BB966AE-268C-4C9B-AB50-C3F2D8201FDA}.Debug|Any CPU.Build.0 = Debug|Any CPU
		{0BB966AE-268C-4C9B-AB50-C3F2D8201FDA}.Debug|Mixed Platforms.ActiveCfg = Debug|Any CPU
		{0BB966AE-268C-4C9B-AB50-C3F2D8201FDA}.Debug|Mixed Platforms.Build.0 = Debug|Any CPU
		{0BB966AE-268C-4C9B-AB50-C3F2D8201FDA}.Debug|Win32.ActiveCfg = Debug|Any CPU
		{0BB966AE-268C-4C9B-AB50-C3F2D8201FDA}.Debug|x86.ActiveCfg = Debug|Any CPU
		{0BB966AE-268C-4C9B-AB50-C3F2D8201FDA}.Release|.NET.ActiveCfg = Release|Any CPU
		{0BB966AE-268C-4C9B-AB50-C3F2D8201FDA}.Release|Any CPU.ActiveCfg = Release|Any CPU
		{0BB966AE-268C-4C9B-AB50-C3F2D8201FDA}.Release|Any CPU.Build.0 = Release|Any CPU
		{0BB966AE-268C-4C9B-AB50-C3F2D8201FDA}.Release|Mixed Platforms.ActiveCfg = Release|Any CPU
		{0BB966AE-268C-4C9B-AB50-C3F2D8201FDA}.Release|Mixed Platforms.Build.0 = Release|Any CPU
		{0BB966AE-268C-4C9B-AB50-C3F2D8201FDA}.Release|Win32.ActiveCfg = Release|Any CPU
		{0BB966AE-268C-4C9B-AB50-C3F2D8201FDA}.Release|x86.ActiveCfg = Release|Any CPU
		{8B03AD2B-8399-4702-8915-335E5AD5D667}.Debug|.NET.ActiveCfg = Debug|Any CPU
		{8B03AD2B-8399-4702-8915-335E5AD5D667}.Debug|Any CPU.ActiveCfg = Debug|Any CPU
		{8B03AD2B-8399-4702-8915-335E5AD5D667}.Debug|Any CPU.Build.0 = Debug|Any CPU
		{8B03AD2B-8399-4702-8915-335E5AD5D667}.Debug|Mixed Platforms.ActiveCfg = Debug|Any CPU
		{8B03AD2B-8399-4702-8915-335E5AD5D667}.Debug|Mixed Platforms.Build.0 = Debug|Any CPU
		{8B03AD2B-8399-4702-8915-335E5AD5D667}.Debug|Win32.ActiveCfg = Debug|Any CPU
		{8B03AD2B-8399-4702-8915-335E5AD5D667}.Debug|x86.ActiveCfg = Debug|Any CPU
		{8B03AD2B-8399-4702-8915-335E5AD5D667}.Release|.NET.ActiveCfg = Release|Any CPU
		{8B03AD2B-8399-4702-8915-335E5AD5D667}.Release|Any CPU.ActiveCfg = Release|Any CPU
		{8B03AD2B-8399-4702-8915-335E5AD5D667}.Release|Any CPU.Build.0 = Release|Any CPU
		{8B03AD2B-8399-4702-8915-335E5AD5D667}.Release|Mixed Platforms.ActiveCfg = Release|Any CPU
		{8B03AD2B-8399-4702-8915-335E5AD5D667}.Release|Mixed Platforms.Build.0 = Release|Any CPU
		{8B03AD2B-8399-4702-8915-335E5AD5D667}.Release|Win32.ActiveCfg = Release|Any CPU
		{8B03AD2B-8399-4702-8915-335E5AD5D667}.Release|x86.ActiveCfg = Release|Any CPU
		{CE6D55FD-2F07-4153-8C4A-D03C29B252F3}.Debug|.NET.ActiveCfg = Debug|Any CPU
		{CE6D55FD-2F07-4153-8C4A-D03C29B252F3}.Debug|Any CPU.ActiveCfg = Debug|Any CPU
		{CE6D55FD-2F07-4153-8C4A-D03C29B252F3}.Debug|Any CPU.Build.0 = Debug|Any CPU
		{CE6D55FD-2F07-4153-8C4A-D03C29B252F3}.Debug|Mixed Platforms.ActiveCfg = Debug|Any CPU
		{CE6D55FD-2F07-4153-8C4A-D03C29B252F3}.Debug|Mixed Platforms.Build.0 = Debug|Any CPU
		{CE6D55FD-2F07-4153-8C4A-D03C29B252F3}.Debug|Win32.ActiveCfg = Debug|Any CPU
		{CE6D55FD-2F07-4153-8C4A-D03C29B252F3}.Debug|x86.ActiveCfg = Debug|Any CPU
		{CE6D55FD-2F07-4153-8C4A-D03C29B252F3}.Release|.NET.ActiveCfg = Release|Any CPU
		{CE6D55FD-2F07-4153-8C4A-D03C29B252F3}.Release|Any CPU.ActiveCfg = Release|Any CPU
		{CE6D55FD-2F07-4153-8C4A-D03C29B252F3}.Release|Any CPU.Build.0 = Release|Any CPU
		{CE6D55FD-2F07-4153-8C4A-D03C29B252F3}.Release|Mixed Platforms.ActiveCfg = Release|Any CPU
		{CE6D55FD-2F07-4153-8C4A-D03C29B252F3}.Release|Mixed Platforms.Build.0 = Release|Any CPU
		{CE6D55FD-2F07-4153-8C4A-D03C29B252F3}.Release|Win32.ActiveCfg = Release|Any CPU
		{CE6D55FD-2F07-4153-8C4A-D03C29B252F3}.Release|x86.ActiveCfg = Release|Any CPU
		{A936DB0B-2C9B-406C-85E4-D7AC13E605EC}.Debug|.NET.ActiveCfg = Debug|Any CPU
		{A936DB0B-2C9B-406C-85E4-D7AC13E605EC}.Debug|Any CPU.ActiveCfg = Debug|Any CPU
		{A936DB0B-2C9B-406C-85E4-D7AC13E605EC}.Debug|Any CPU.Build.0 = Debug|Any CPU
		{A936DB0B-2C9B-406C-85E4-D7AC13E605EC}.Debug|Mixed Platforms.ActiveCfg = Debug|Any CPU
		{A936DB0B-2C9B-406C-85E4-D7AC13E605EC}.Debug|Mixed Platforms.Build.0 = Debug|Any CPU
		{A936DB0B-2C9B-406C-85E4-D7AC13E605EC}.Debug|Win32.ActiveCfg = Debug|Any CPU
		{A936DB0B-2C9B-406C-85E4-D7AC13E605EC}.Debug|x86.ActiveCfg = Debug|Any CPU
		{A936DB0B-2C9B-406C-85E4-D7AC13E605EC}.Release|.NET.ActiveCfg = Release|Any CPU
		{A936DB0B-2C9B-406C-85E4-D7AC13E605EC}.Release|Any CPU.ActiveCfg = Release|Any CPU
		{A936DB0B-2C9B-406C-85E4-D7AC13E605EC}.Release|Any CPU.Build.0 = Release|Any CPU
		{A936DB0B-2C9B-406C-85E4-D7AC13E605EC}.Release|Mixed Platforms.ActiveCfg = Release|Any CPU
		{A936DB0B-2C9B-406C-85E4-D7AC13E605EC}.Release|Mixed Platforms.Build.0 = Release|Any CPU
		{A936DB0B-2C9B-406C-85E4-D7AC13E605EC}.Release|Win32.ActiveCfg = Release|Any CPU
		{A936DB0B-2C9B-406C-85E4-D7AC13E605EC}.Release|x86.ActiveCfg = Release|Any CPU
		{99C775D1-F465-40C6-AF18-D1803B976E3D}.Debug|.NET.ActiveCfg = Debug|Any CPU
		{99C775D1-F465-40C6-AF18-D1803B976E3D}.Debug|Any CPU.ActiveCfg = Debug|Any CPU
		{99C775D1-F465-40C6-AF18-D1803B976E3D}.Debug|Any CPU.Build.0 = Debug|Any CPU
		{99C775D1-F465-40C6-AF18-D1803B976E3D}.Debug|Mixed Platforms.ActiveCfg = Debug|Any CPU
		{99C775D1-F465-40C6-AF18-D1803B976E3D}.Debug|Mixed Platforms.Build.0 = Debug|Any CPU
		{99C775D1-F465-40C6-AF18-D1803B976E3D}.Debug|Win32.ActiveCfg = Debug|Any CPU
		{99C775D1-F465-40C6-AF18-D1803B976E3D}.Debug|x86.ActiveCfg = Debug|Any CPU
		{99C775D1-F465-40C6-AF18-D1803B976E3D}.Release|.NET.ActiveCfg = Release|Any CPU
		{99C775D1-F465-40C6-AF18-D1803B976E3D}.Release|Any CPU.ActiveCfg = Release|Any CPU
		{99C775D1-F465-40C6-AF18-D1803B976E3D}.Release|Any CPU.Build.0 = Release|Any CPU
		{99C775D1-F465-40C6-AF18-D1803B976E3D}.Release|Mixed Platforms.ActiveCfg = Release|Any CPU
		{99C775D1-F465-40C6-AF18-D1803B976E3D}.Release|Mixed Platforms.Build.0 = Release|Any CPU
		{99C775D1-F465-40C6-AF18-D1803B976E3D}.Release|Win32.ActiveCfg = Release|Any CPU
		{99C775D1-F465-40C6-AF18-D1803B976E3D}.Release|x86.ActiveCfg = Release|Any CPU
		{530AFD36-A0F1-4C7F-81AF-ADA01F69E123}.Debug|.NET.ActiveCfg = Debug|Any CPU
		{530AFD36-A0F1-4C7F-81AF-ADA01F69E123}.Debug|Any CPU.ActiveCfg = Debug|Any CPU
		{530AFD36-A0F1-4C7F-81AF-ADA01F69E123}.Debug|Any CPU.Build.0 = Debug|Any CPU
		{530AFD36-A0F1-4C7F-81AF-ADA01F69E123}.Debug|Mixed Platforms.ActiveCfg = Debug|Any CPU
		{530AFD36-A0F1-4C7F-81AF-ADA01F69E123}.Debug|Mixed Platforms.Build.0 = Debug|Any CPU
		{530AFD36-A0F1-4C7F-81AF-ADA01F69E123}.Debug|Win32.ActiveCfg = Debug|Any CPU
		{530AFD36-A0F1-4C7F-81AF-ADA01F69E123}.Debug|x86.ActiveCfg = Debug|Any CPU
		{530AFD36-A0F1-4C7F-81AF-ADA01F69E123}.Release|.NET.ActiveCfg = Release|Any CPU
		{530AFD36-A0F1-4C7F-81AF-ADA01F69E123}.Release|Any CPU.ActiveCfg = Release|Any CPU
		{530AFD36-A0F1-4C7F-81AF-ADA01F69E123}.Release|Any CPU.Build.0 = Release|Any CPU
		{530AFD36-A0F1-4C7F-81AF-ADA01F69E123}.Release|Mixed Platforms.ActiveCfg = Release|Any CPU
		{530AFD36-A0F1-4C7F-81AF-ADA01F69E123}.Release|Mixed Platforms.Build.0 = Release|Any CPU
		{530AFD36-A0F1-4C7F-81AF-ADA01F69E123}.Release|Win32.ActiveCfg = Release|Any CPU
		{530AFD36-A0F1-4C7F-81AF-ADA01F69E123}.Release|x86.ActiveCfg = Release|Any CPU
		{7CD9A34B-9635-4D69-B451-1CE93B8280D8}.Debug|.NET.ActiveCfg = Debug|Any CPU
		{7CD9A34B-9635-4D69-B451-1CE93B8280D8}.Debug|Any CPU.ActiveCfg = Debug|Any CPU
		{7CD9A34B-9635-4D69-B451-1CE93B8280D8}.Debug|Any CPU.Build.0 = Debug|Any CPU
		{7CD9A34B-9635-4D69-B451-1CE93B8280D8}.Debug|Mixed Platforms.ActiveCfg = Debug|Any CPU
		{7CD9A34B-9635-4D69-B451-1CE93B8280D8}.Debug|Mixed Platforms.Build.0 = Debug|Any CPU
		{7CD9A34B-9635-4D69-B451-1CE93B8280D8}.Debug|Win32.ActiveCfg = Debug|Any CPU
		{7CD9A34B-9635-4D69-B451-1CE93B8280D8}.Debug|x86.ActiveCfg = Debug|Any CPU
		{7CD9A34B-9635-4D69-B451-1CE93B8280D8}.Release|.NET.ActiveCfg = Release|Any CPU
		{7CD9A34B-9635-4D69-B451-1CE93B8280D8}.Release|Any CPU.ActiveCfg = Release|Any CPU
		{7CD9A34B-9635-4D69-B451-1CE93B8280D8}.Release|Any CPU.Build.0 = Release|Any CPU
		{7CD9A34B-9635-4D69-B451-1CE93B8280D8}.Release|Mixed Platforms.ActiveCfg = Release|Any CPU
		{7CD9A34B-9635-4D69-B451-1CE93B8280D8}.Release|Mixed Platforms.Build.0 = Release|Any CPU
		{7CD9A34B-9635-4D69-B451-1CE93B8280D8}.Release|Win32.ActiveCfg = Release|Any CPU
		{7CD9A34B-9635-4D69-B451-1CE93B8280D8}.Release|x86.ActiveCfg = Release|Any CPU
		{7CD9A34B-9635-4D69-B451-1CE93B8280D8}.Release|x86.Build.0 = Release|Any CPU
		{C3FEE7B0-5E02-4910-BBB9-A03425294B7A}.Debug|.NET.ActiveCfg = Debug|Any CPU
		{C3FEE7B0-5E02-4910-BBB9-A03425294B7A}.Debug|Any CPU.ActiveCfg = Debug|Any CPU
		{C3FEE7B0-5E02-4910-BBB9-A03425294B7A}.Debug|Any CPU.Build.0 = Debug|Any CPU
		{C3FEE7B0-5E02-4910-BBB9-A03425294B7A}.Debug|Mixed Platforms.ActiveCfg = Debug|Any CPU
		{C3FEE7B0-5E02-4910-BBB9-A03425294B7A}.Debug|Mixed Platforms.Build.0 = Debug|Any CPU
		{C3FEE7B0-5E02-4910-BBB9-A03425294B7A}.Debug|Win32.ActiveCfg = Debug|Any CPU
		{C3FEE7B0-5E02-4910-BBB9-A03425294B7A}.Debug|x86.ActiveCfg = Debug|Any CPU
		{C3FEE7B0-5E02-4910-BBB9-A03425294B7A}.Release|.NET.ActiveCfg = Release|Any CPU
		{C3FEE7B0-5E02-4910-BBB9-A03425294B7A}.Release|Any CPU.ActiveCfg = Release|Any CPU
		{C3FEE7B0-5E02-4910-BBB9-A03425294B7A}.Release|Any CPU.Build.0 = Release|Any CPU
		{C3FEE7B0-5E02-4910-BBB9-A03425294B7A}.Release|Mixed Platforms.ActiveCfg = Release|Any CPU
		{C3FEE7B0-5E02-4910-BBB9-A03425294B7A}.Release|Mixed Platforms.Build.0 = Release|Any CPU
		{C3FEE7B0-5E02-4910-BBB9-A03425294B7A}.Release|Win32.ActiveCfg = Release|Any CPU
		{C3FEE7B0-5E02-4910-BBB9-A03425294B7A}.Release|x86.ActiveCfg = Release|Any CPU
		{7CAAEB13-6EB8-482C-B63C-F78CB30B2289}.Debug|.NET.ActiveCfg = Debug|Any CPU
		{7CAAEB13-6EB8-482C-B63C-F78CB30B2289}.Debug|Any CPU.ActiveCfg = Debug|Any CPU
		{7CAAEB13-6EB8-482C-B63C-F78CB30B2289}.Debug|Any CPU.Build.0 = Debug|Any CPU
		{7CAAEB13-6EB8-482C-B63C-F78CB30B2289}.Debug|Mixed Platforms.ActiveCfg = Debug|Any CPU
		{7CAAEB13-6EB8-482C-B63C-F78CB30B2289}.Debug|Mixed Platforms.Build.0 = Debug|Any CPU
		{7CAAEB13-6EB8-482C-B63C-F78CB30B2289}.Debug|Win32.ActiveCfg = Debug|Any CPU
		{7CAAEB13-6EB8-482C-B63C-F78CB30B2289}.Debug|x86.ActiveCfg = Debug|Any CPU
		{7CAAEB13-6EB8-482C-B63C-F78CB30B2289}.Release|.NET.ActiveCfg = Release|Any CPU
		{7CAAEB13-6EB8-482C-B63C-F78CB30B2289}.Release|Any CPU.ActiveCfg = Release|Any CPU
		{7CAAEB13-6EB8-482C-B63C-F78CB30B2289}.Release|Any CPU.Build.0 = Release|Any CPU
		{7CAAEB13-6EB8-482C-B63C-F78CB30B2289}.Release|Mixed Platforms.ActiveCfg = Release|Any CPU
		{7CAAEB13-6EB8-482C-B63C-F78CB30B2289}.Release|Mixed Platforms.Build.0 = Release|Any CPU
		{7CAAEB13-6EB8-482C-B63C-F78CB30B2289}.Release|Win32.ActiveCfg = Release|Any CPU
		{7CAAEB13-6EB8-482C-B63C-F78CB30B2289}.Release|x86.ActiveCfg = Release|Any CPU
		{789CDD4C-6D0C-42EA-95CE-FB224130406D}.Debug|.NET.ActiveCfg = Debug|Any CPU
		{789CDD4C-6D0C-42EA-95CE-FB224130406D}.Debug|.NET.Build.0 = Debug|Any CPU
		{789CDD4C-6D0C-42EA-95CE-FB224130406D}.Debug|Any CPU.ActiveCfg = Debug|Any CPU
		{789CDD4C-6D0C-42EA-95CE-FB224130406D}.Debug|Any CPU.Build.0 = Debug|Any CPU
		{789CDD4C-6D0C-42EA-95CE-FB224130406D}.Debug|Mixed Platforms.ActiveCfg = Debug|Any CPU
		{789CDD4C-6D0C-42EA-95CE-FB224130406D}.Debug|Mixed Platforms.Build.0 = Debug|Any CPU
		{789CDD4C-6D0C-42EA-95CE-FB224130406D}.Debug|Win32.ActiveCfg = Debug|Any CPU
		{789CDD4C-6D0C-42EA-95CE-FB224130406D}.Debug|Win32.Build.0 = Debug|Any CPU
		{789CDD4C-6D0C-42EA-95CE-FB224130406D}.Debug|x86.ActiveCfg = Debug|Any CPU
		{789CDD4C-6D0C-42EA-95CE-FB224130406D}.Debug|x86.Build.0 = Debug|Any CPU
		{789CDD4C-6D0C-42EA-95CE-FB224130406D}.Release|.NET.ActiveCfg = Release|Any CPU
		{789CDD4C-6D0C-42EA-95CE-FB224130406D}.Release|.NET.Build.0 = Release|Any CPU
		{789CDD4C-6D0C-42EA-95CE-FB224130406D}.Release|Any CPU.ActiveCfg = Release|Any CPU
		{789CDD4C-6D0C-42EA-95CE-FB224130406D}.Release|Any CPU.Build.0 = Release|Any CPU
		{789CDD4C-6D0C-42EA-95CE-FB224130406D}.Release|Mixed Platforms.ActiveCfg = Release|Any CPU
		{789CDD4C-6D0C-42EA-95CE-FB224130406D}.Release|Mixed Platforms.Build.0 = Release|Any CPU
		{789CDD4C-6D0C-42EA-95CE-FB224130406D}.Release|Win32.ActiveCfg = Release|Any CPU
		{789CDD4C-6D0C-42EA-95CE-FB224130406D}.Release|Win32.Build.0 = Release|Any CPU
		{789CDD4C-6D0C-42EA-95CE-FB224130406D}.Release|x86.ActiveCfg = Release|Any CPU
		{789CDD4C-6D0C-42EA-95CE-FB224130406D}.Release|x86.Build.0 = Release|Any CPU
		{8A49ED2D-451B-4D60-BDB0-4B6605D035FA}.Debug|.NET.ActiveCfg = Debug|Any CPU
		{8A49ED2D-451B-4D60-BDB0-4B6605D035FA}.Debug|Any CPU.ActiveCfg = Debug|Any CPU
		{8A49ED2D-451B-4D60-BDB0-4B6605D035FA}.Debug|Any CPU.Build.0 = Debug|Any CPU
		{8A49ED2D-451B-4D60-BDB0-4B6605D035FA}.Debug|Mixed Platforms.ActiveCfg = Debug|Any CPU
		{8A49ED2D-451B-4D60-BDB0-4B6605D035FA}.Debug|Mixed Platforms.Build.0 = Debug|Any CPU
		{8A49ED2D-451B-4D60-BDB0-4B6605D035FA}.Debug|Win32.ActiveCfg = Debug|Any CPU
		{8A49ED2D-451B-4D60-BDB0-4B6605D035FA}.Debug|x86.ActiveCfg = Debug|Any CPU
		{8A49ED2D-451B-4D60-BDB0-4B6605D035FA}.Release|.NET.ActiveCfg = Release|Any CPU
		{8A49ED2D-451B-4D60-BDB0-4B6605D035FA}.Release|Any CPU.ActiveCfg = Release|Any CPU
		{8A49ED2D-451B-4D60-BDB0-4B6605D035FA}.Release|Any CPU.Build.0 = Release|Any CPU
		{8A49ED2D-451B-4D60-BDB0-4B6605D035FA}.Release|Mixed Platforms.ActiveCfg = Release|Any CPU
		{8A49ED2D-451B-4D60-BDB0-4B6605D035FA}.Release|Mixed Platforms.Build.0 = Release|Any CPU
		{8A49ED2D-451B-4D60-BDB0-4B6605D035FA}.Release|Win32.ActiveCfg = Release|Any CPU
		{8A49ED2D-451B-4D60-BDB0-4B6605D035FA}.Release|x86.ActiveCfg = Release|Any CPU
		{5998302B-2FD7-492E-87EB-0EC0618B2A6E}.Debug|.NET.ActiveCfg = Debug|Any CPU
		{5998302B-2FD7-492E-87EB-0EC0618B2A6E}.Debug|Any CPU.ActiveCfg = Debug|Any CPU
		{5998302B-2FD7-492E-87EB-0EC0618B2A6E}.Debug|Any CPU.Build.0 = Debug|Any CPU
		{5998302B-2FD7-492E-87EB-0EC0618B2A6E}.Debug|Mixed Platforms.ActiveCfg = Debug|Any CPU
		{5998302B-2FD7-492E-87EB-0EC0618B2A6E}.Debug|Mixed Platforms.Build.0 = Debug|Any CPU
		{5998302B-2FD7-492E-87EB-0EC0618B2A6E}.Debug|Win32.ActiveCfg = Debug|Any CPU
		{5998302B-2FD7-492E-87EB-0EC0618B2A6E}.Debug|x86.ActiveCfg = Debug|Any CPU
		{5998302B-2FD7-492E-87EB-0EC0618B2A6E}.Release|.NET.ActiveCfg = Release|Any CPU
		{5998302B-2FD7-492E-87EB-0EC0618B2A6E}.Release|Any CPU.ActiveCfg = Release|Any CPU
		{5998302B-2FD7-492E-87EB-0EC0618B2A6E}.Release|Any CPU.Build.0 = Release|Any CPU
		{5998302B-2FD7-492E-87EB-0EC0618B2A6E}.Release|Mixed Platforms.ActiveCfg = Release|Any CPU
		{5998302B-2FD7-492E-87EB-0EC0618B2A6E}.Release|Mixed Platforms.Build.0 = Release|Any CPU
		{5998302B-2FD7-492E-87EB-0EC0618B2A6E}.Release|Win32.ActiveCfg = Release|Any CPU
		{5998302B-2FD7-492E-87EB-0EC0618B2A6E}.Release|x86.ActiveCfg = Release|Any CPU
		{3F84FC66-8EC7-4A56-9AA2-ED30F5565E24}.Debug|.NET.ActiveCfg = Debug|Any CPU
		{3F84FC66-8EC7-4A56-9AA2-ED30F5565E24}.Debug|.NET.Build.0 = Debug|Any CPU
		{3F84FC66-8EC7-4A56-9AA2-ED30F5565E24}.Debug|Any CPU.ActiveCfg = Debug|Any CPU
		{3F84FC66-8EC7-4A56-9AA2-ED30F5565E24}.Debug|Any CPU.Build.0 = Debug|Any CPU
		{3F84FC66-8EC7-4A56-9AA2-ED30F5565E24}.Debug|Mixed Platforms.ActiveCfg = Debug|Any CPU
		{3F84FC66-8EC7-4A56-9AA2-ED30F5565E24}.Debug|Mixed Platforms.Build.0 = Debug|Any CPU
		{3F84FC66-8EC7-4A56-9AA2-ED30F5565E24}.Debug|Win32.ActiveCfg = Debug|Any CPU
		{3F84FC66-8EC7-4A56-9AA2-ED30F5565E24}.Debug|Win32.Build.0 = Debug|Any CPU
		{3F84FC66-8EC7-4A56-9AA2-ED30F5565E24}.Debug|x86.ActiveCfg = Debug|Any CPU
		{3F84FC66-8EC7-4A56-9AA2-ED30F5565E24}.Debug|x86.Build.0 = Debug|Any CPU
		{3F84FC66-8EC7-4A56-9AA2-ED30F5565E24}.Release|.NET.ActiveCfg = Release|Any CPU
		{3F84FC66-8EC7-4A56-9AA2-ED30F5565E24}.Release|.NET.Build.0 = Release|Any CPU
		{3F84FC66-8EC7-4A56-9AA2-ED30F5565E24}.Release|Any CPU.ActiveCfg = Release|Any CPU
		{3F84FC66-8EC7-4A56-9AA2-ED30F5565E24}.Release|Any CPU.Build.0 = Release|Any CPU
		{3F84FC66-8EC7-4A56-9AA2-ED30F5565E24}.Release|Mixed Platforms.ActiveCfg = Release|Any CPU
		{3F84FC66-8EC7-4A56-9AA2-ED30F5565E24}.Release|Mixed Platforms.Build.0 = Release|Any CPU
		{3F84FC66-8EC7-4A56-9AA2-ED30F5565E24}.Release|Win32.ActiveCfg = Release|Any CPU
		{3F84FC66-8EC7-4A56-9AA2-ED30F5565E24}.Release|Win32.Build.0 = Release|Any CPU
		{3F84FC66-8EC7-4A56-9AA2-ED30F5565E24}.Release|x86.ActiveCfg = Release|Any CPU
		{3F84FC66-8EC7-4A56-9AA2-ED30F5565E24}.Release|x86.Build.0 = Release|Any CPU
	EndGlobalSection
	GlobalSection(SolutionProperties) = preSolution
		HideSolutionNode = FALSE
	EndGlobalSection
	GlobalSection(NestedProjects) = preSolution
		{59CBD1C7-EB1B-4DC9-B063-A9889F6FAE41} = {4542534A-44CB-42CA-803E-716936314F21}
		{0BB966AE-268C-4C9B-AB50-C3F2D8201FDA} = {4542534A-44CB-42CA-803E-716936314F21}
		{8B03AD2B-8399-4702-8915-335E5AD5D667} = {4542534A-44CB-42CA-803E-716936314F21}
		{CE6D55FD-2F07-4153-8C4A-D03C29B252F3} = {4542534A-44CB-42CA-803E-716936314F21}
		{A936DB0B-2C9B-406C-85E4-D7AC13E605EC} = {3DEE9EE8-C786-45E3-A4E2-10709F5137F7}
	EndGlobalSection
EndGlobal
