
Microsoft Visual Studio Solution File, Format Version 12.00
# Visual Studio 14
VisualStudioVersion = 14.0.24720.0
MinimumVisualStudioVersion = 10.0.40219.1
Project("{FAE04EC0-301F-11D3-BF4B-00C04F79EFBC}") = "EveHQSharp", "EveHQSharp\EveHQSharp.csproj", "{6EE61D74-3396-4E77-B63D-D2D8E97080F2}"
EndProject
Project("{2150E333-8FDC-42A3-9474-1A3956D46DE8}") = "Plugins", "Plugins", "{F49D2C1C-07D3-4644-AC71-4906A4CB7639}"
EndProject
Project("{2150E333-8FDC-42A3-9474-1A3956D46DE8}") = "Core", "Core", "{4327CDC7-6F09-46E4-AC2B-C7147132FF0F}"
EndProject
Project("{2150E333-8FDC-42A3-9474-1A3956D46DE8}") = "3rdPartyLibraries", "3rdPartyLibraries", "{8DBD6F9E-7765-4A7A-8498-BCC99167D04A}"
EndProject
Project("{FAE04EC0-301F-11D3-BF4B-00C04F79EFBC}") = "EveHQSharp.EveAPI", "EveHQSharp.EveAPI\EveHQSharp.EveAPI.csproj", "{EE530A31-A118-4B20-9B9D-8FCA923398AF}"
EndProject
Project("{FAE04EC0-301F-11D3-BF4B-00C04F79EFBC}") = "EveHQSharp.Fitting", "EveHQSharp.Fitting\EveHQSharp.Fitting.csproj", "{802EBB62-F2BC-41A6-852D-236C83D125F7}"
EndProject
Project("{2150E333-8FDC-42A3-9474-1A3956D46DE8}") = "Utilities", "Utilities", "{56DD4585-0EAD-4420-B7BE-723A4C49D09E}"
EndProject
Project("{FAE04EC0-301F-11D3-BF4B-00C04F79EFBC}") = "EveHQSharp.Core", "EveHQSharp.Core\EveHQSharp.Core.csproj", "{0ABB0FD3-4433-455F-915F-2316DD30E1F9}"
EndProject
Project("{FAE04EC0-301F-11D3-BF4B-00C04F79EFBC}") = "EveHQSharp.Industry", "EveHQSharp.Industry\EveHQSharp.Industry.csproj", "{87437F1E-0ED9-4DC7-98EA-71705260A3F7}"
EndProject
Project("{FAE04EC0-301F-11D3-BF4B-00C04F79EFBC}") = "EveHQSharp.PilotManager", "EveHQSharp.PilotManager\EveHQSharp.PilotManager.csproj", "{235716C6-BFBA-4687-98CA-38A72024166D}"
EndProject
Project("{FAE04EC0-301F-11D3-BF4B-00C04F79EFBC}") = "EveHQSharp.SDEConverter", "EveHQSharp.SDEConverter\EveHQSharp.SDEConverter.csproj", "{B62585B2-5D82-4A66-B244-A0AB9C43A5FA}"
EndProject
Global
	GlobalSection(SolutionConfigurationPlatforms) = preSolution
		Debug|Any CPU = Debug|Any CPU
		Release|Any CPU = Release|Any CPU
	EndGlobalSection
	GlobalSection(ProjectConfigurationPlatforms) = postSolution
		{6EE61D74-3396-4E77-B63D-D2D8E97080F2}.Debug|Any CPU.ActiveCfg = Debug|Any CPU
		{6EE61D74-3396-4E77-B63D-D2D8E97080F2}.Debug|Any CPU.Build.0 = Debug|Any CPU
		{6EE61D74-3396-4E77-B63D-D2D8E97080F2}.Release|Any CPU.ActiveCfg = Release|Any CPU
		{6EE61D74-3396-4E77-B63D-D2D8E97080F2}.Release|Any CPU.Build.0 = Release|Any CPU
		{EE530A31-A118-4B20-9B9D-8FCA923398AF}.Debug|Any CPU.ActiveCfg = Debug|Any CPU
		{EE530A31-A118-4B20-9B9D-8FCA923398AF}.Debug|Any CPU.Build.0 = Debug|Any CPU
		{EE530A31-A118-4B20-9B9D-8FCA923398AF}.Release|Any CPU.ActiveCfg = Release|Any CPU
		{EE530A31-A118-4B20-9B9D-8FCA923398AF}.Release|Any CPU.Build.0 = Release|Any CPU
		{802EBB62-F2BC-41A6-852D-236C83D125F7}.Debug|Any CPU.ActiveCfg = Debug|Any CPU
		{802EBB62-F2BC-41A6-852D-236C83D125F7}.Debug|Any CPU.Build.0 = Debug|Any CPU
		{802EBB62-F2BC-41A6-852D-236C83D125F7}.Release|Any CPU.ActiveCfg = Release|Any CPU
		{802EBB62-F2BC-41A6-852D-236C83D125F7}.Release|Any CPU.Build.0 = Release|Any CPU
		{0ABB0FD3-4433-455F-915F-2316DD30E1F9}.Debug|Any CPU.ActiveCfg = Debug|Any CPU
		{0ABB0FD3-4433-455F-915F-2316DD30E1F9}.Debug|Any CPU.Build.0 = Debug|Any CPU
		{0ABB0FD3-4433-455F-915F-2316DD30E1F9}.Release|Any CPU.ActiveCfg = Release|Any CPU
		{0ABB0FD3-4433-455F-915F-2316DD30E1F9}.Release|Any CPU.Build.0 = Release|Any CPU
		{87437F1E-0ED9-4DC7-98EA-71705260A3F7}.Debug|Any CPU.ActiveCfg = Debug|Any CPU
		{87437F1E-0ED9-4DC7-98EA-71705260A3F7}.Debug|Any CPU.Build.0 = Debug|Any CPU
		{87437F1E-0ED9-4DC7-98EA-71705260A3F7}.Release|Any CPU.ActiveCfg = Release|Any CPU
		{87437F1E-0ED9-4DC7-98EA-71705260A3F7}.Release|Any CPU.Build.0 = Release|Any CPU
		{235716C6-BFBA-4687-98CA-38A72024166D}.Debug|Any CPU.ActiveCfg = Debug|Any CPU
		{235716C6-BFBA-4687-98CA-38A72024166D}.Debug|Any CPU.Build.0 = Debug|Any CPU
		{235716C6-BFBA-4687-98CA-38A72024166D}.Release|Any CPU.ActiveCfg = Release|Any CPU
		{235716C6-BFBA-4687-98CA-38A72024166D}.Release|Any CPU.Build.0 = Release|Any CPU
		{B62585B2-5D82-4A66-B244-A0AB9C43A5FA}.Debug|Any CPU.ActiveCfg = Debug|Any CPU
		{B62585B2-5D82-4A66-B244-A0AB9C43A5FA}.Debug|Any CPU.Build.0 = Debug|Any CPU
		{B62585B2-5D82-4A66-B244-A0AB9C43A5FA}.Release|Any CPU.ActiveCfg = Release|Any CPU
		{B62585B2-5D82-4A66-B244-A0AB9C43A5FA}.Release|Any CPU.Build.0 = Release|Any CPU
	EndGlobalSection
	GlobalSection(SolutionProperties) = preSolution
		HideSolutionNode = FALSE
	EndGlobalSection
	GlobalSection(NestedProjects) = preSolution
		{6EE61D74-3396-4E77-B63D-D2D8E97080F2} = {4327CDC7-6F09-46E4-AC2B-C7147132FF0F}
		{EE530A31-A118-4B20-9B9D-8FCA923398AF} = {4327CDC7-6F09-46E4-AC2B-C7147132FF0F}
		{802EBB62-F2BC-41A6-852D-236C83D125F7} = {F49D2C1C-07D3-4644-AC71-4906A4CB7639}
		{0ABB0FD3-4433-455F-915F-2316DD30E1F9} = {4327CDC7-6F09-46E4-AC2B-C7147132FF0F}
		{87437F1E-0ED9-4DC7-98EA-71705260A3F7} = {F49D2C1C-07D3-4644-AC71-4906A4CB7639}
		{235716C6-BFBA-4687-98CA-38A72024166D} = {F49D2C1C-07D3-4644-AC71-4906A4CB7639}
		{B62585B2-5D82-4A66-B244-A0AB9C43A5FA} = {56DD4585-0EAD-4420-B7BE-723A4C49D09E}
	EndGlobalSection
EndGlobal
